
Microsoft Visual Studio Solution File, Format Version 12.00
# Visual Studio 15
Project("{FAE04EC0-301F-11D3-BF4B-00C04F79EFBC}") = "com.crookedhead.tbsf.common", "com.crookedhead.tbsf.common.csproj", "{2AB08DB4-1A06-EE3E-8719-177A00BD2F29}"
EndProject
Project("{FAE04EC0-301F-11D3-BF4B-00C04F79EFBC}") = "com.crookedhead.tbsf.unity", "com.crookedhead.tbsf.unity.csproj", "{0F496BA8-5D35-EF6C-8937-98AF587605AB}"
EndProject
Project("{FAE04EC0-301F-11D3-BF4B-00C04F79EFBC}") = "com.corookedhead.tbsf.unity.examples.clashofheroes", "com.corookedhead.tbsf.unity.examples.clashofheroes.csproj", "{0BB2772A-6A91-AE41-BC39-35E8A2D00C06}"
EndProject
Project("{FAE04EC0-301F-11D3-BF4B-00C04F79EFBC}") = "com.crookedhead.tbsf.examples.example4", "com.crookedhead.tbsf.examples.example4.csproj", "{3F08EF43-6993-C5D7-386B-BAA737D9057A}"
EndProject
Project("{FAE04EC0-301F-11D3-BF4B-00C04F79EFBC}") = "com.crookedhead.tbsf.unity.editor", "com.crookedhead.tbsf.unity.editor.csproj", "{B3AA4163-10B2-3D97-00C7-B511D399CDAF}"
EndProject
Project("{FAE04EC0-301F-11D3-BF4B-00C04F79EFBC}") = "com.crookedhead.tbsf.unity.examples.tilemapexample", "com.crookedhead.tbsf.unity.examples.tilemapexample.csproj", "{492601B8-CD78-176E-6CC7-9FFA1325A2D1}"
EndProject
Project("{FAE04EC0-301F-11D3-BF4B-00C04F79EFBC}") = "com.crookedhead.tbsf.unity.examples.example1", "com.crookedhead.tbsf.unity.examples.example1.csproj", "{A599120A-0215-84B4-7511-A52821294DEA}"
EndProject
Global
	GlobalSection(SolutionConfigurationPlatforms) = preSolution
		Debug|Any CPU = Debug|Any CPU
		Release|Any CPU = Release|Any CPU
	EndGlobalSection
	GlobalSection(ProjectConfigurationPlatforms) = postSolution
		{2AB08DB4-1A06-EE3E-8719-177A00BD2F29}.Debug|Any CPU.ActiveCfg = Debug|Any CPU
		{2AB08DB4-1A06-EE3E-8719-177A00BD2F29}.Debug|Any CPU.Build.0 = Debug|Any CPU
		{2AB08DB4-1A06-EE3E-8719-177A00BD2F29}.Release|Any CPU.ActiveCfg = Release|Any CPU
		{2AB08DB4-1A06-EE3E-8719-177A00BD2F29}.Release|Any CPU.Build.0 = Release|Any CPU
		{0F496BA8-5D35-EF6C-8937-98AF587605AB}.Debug|Any CPU.ActiveCfg = Debug|Any CPU
		{0F496BA8-5D35-EF6C-8937-98AF587605AB}.Debug|Any CPU.Build.0 = Debug|Any CPU
		{0F496BA8-5D35-EF6C-8937-98AF587605AB}.Release|Any CPU.ActiveCfg = Release|Any CPU
		{0F496BA8-5D35-EF6C-8937-98AF587605AB}.Release|Any CPU.Build.0 = Release|Any CPU
		{0BB2772A-6A91-AE41-BC39-35E8A2D00C06}.Debug|Any CPU.ActiveCfg = Debug|Any CPU
		{0BB2772A-6A91-AE41-BC39-35E8A2D00C06}.Debug|Any CPU.Build.0 = Debug|Any CPU
		{0BB2772A-6A91-AE41-BC39-35E8A2D00C06}.Release|Any CPU.ActiveCfg = Release|Any CPU
		{0BB2772A-6A91-AE41-BC39-35E8A2D00C06}.Release|Any CPU.Build.0 = Release|Any CPU
		{3F08EF43-6993-C5D7-386B-BAA737D9057A}.Debug|Any CPU.ActiveCfg = Debug|Any CPU
		{3F08EF43-6993-C5D7-386B-BAA737D9057A}.Debug|Any CPU.Build.0 = Debug|Any CPU
		{3F08EF43-6993-C5D7-386B-BAA737D9057A}.Release|Any CPU.ActiveCfg = Release|Any CPU
		{3F08EF43-6993-C5D7-386B-BAA737D9057A}.Release|Any CPU.Build.0 = Release|Any CPU
		{B3AA4163-10B2-3D97-00C7-B511D399CDAF}.Debug|Any CPU.ActiveCfg = Debug|Any CPU
		{B3AA4163-10B2-3D97-00C7-B511D399CDAF}.Debug|Any CPU.Build.0 = Debug|Any CPU
		{B3AA4163-10B2-3D97-00C7-B511D399CDAF}.Release|Any CPU.ActiveCfg = Release|Any CPU
		{B3AA4163-10B2-3D97-00C7-B511D399CDAF}.Release|Any CPU.Build.0 = Release|Any CPU
		{492601B8-CD78-176E-6CC7-9FFA1325A2D1}.Debug|Any CPU.ActiveCfg = Debug|Any CPU
		{492601B8-CD78-176E-6CC7-9FFA1325A2D1}.Debug|Any CPU.Build.0 = Debug|Any CPU
		{492601B8-CD78-176E-6CC7-9FFA1325A2D1}.Release|Any CPU.ActiveCfg = Release|Any CPU
		{492601B8-CD78-176E-6CC7-9FFA1325A2D1}.Release|Any CPU.Build.0 = Release|Any CPU
		{A599120A-0215-84B4-7511-A52821294DEA}.Debug|Any CPU.ActiveCfg = Debug|Any CPU
		{A599120A-0215-84B4-7511-A52821294DEA}.Debug|Any CPU.Build.0 = Debug|Any CPU
		{A599120A-0215-84B4-7511-A52821294DEA}.Release|Any CPU.ActiveCfg = Release|Any CPU
		{A599120A-0215-84B4-7511-A52821294DEA}.Release|Any CPU.Build.0 = Release|Any CPU
	EndGlobalSection
	GlobalSection(SolutionProperties) = preSolution
		HideSolutionNode = FALSE
	EndGlobalSection
EndGlobal
